
Microsoft Visual Studio Solution File, Format Version 12.00
# Visual Studio Version 17
VisualStudioVersion = 17.0.31903.59
MinimumVisualStudioVersion = 10.0.40219.1
Project("{FAE04EC0-301F-11D3-BF4B-00C04F79EFBC}") = "ContentTokens", "ContentTokens\ContentTokens.csproj", "{2494611F-74C3-4921-BB46-0AABA8D15436}"
EndProject
Project("{FAE04EC0-301F-11D3-BF4B-00C04F79EFBC}") = "ContentTokens.Example", "ContentTokens.Example\ContentTokens.Example.csproj", "{9EF0452E-D5A6-46B9-9DF2-A9879C0D705F}"
EndProject
Global
	GlobalSection(SolutionConfigurationPlatforms) = preSolution
		Debug|Any CPU = Debug|Any CPU
		Debug|x64 = Debug|x64
		Debug|x86 = Debug|x86
		Release|Any CPU = Release|Any CPU
		Release|x64 = Release|x64
		Release|x86 = Release|x86
	EndGlobalSection
	GlobalSection(ProjectConfigurationPlatforms) = postSolution
		{2494611F-74C3-4921-BB46-0AABA8D15436}.Debug|Any CPU.ActiveCfg = Debug|Any CPU
		{2494611F-74C3-4921-BB46-0AABA8D15436}.Debug|Any CPU.Build.0 = Debug|Any CPU
		{2494611F-74C3-4921-BB46-0AABA8D15436}.Debug|x64.ActiveCfg = Debug|Any CPU
		{2494611F-74C3-4921-BB46-0AABA8D15436}.Debug|x64.Build.0 = Debug|Any CPU
		{2494611F-74C3-4921-BB46-0AABA8D15436}.Debug|x86.ActiveCfg = Debug|Any CPU
		{2494611F-74C3-4921-BB46-0AABA8D15436}.Debug|x86.Build.0 = Debug|Any CPU
		{2494611F-74C3-4921-BB46-0AABA8D15436}.Release|Any CPU.ActiveCfg = Release|Any CPU
		{2494611F-74C3-4921-BB46-0AABA8D15436}.Release|Any CPU.Build.0 = Release|Any CPU
		{2494611F-74C3-4921-BB46-0AABA8D15436}.Release|x64.ActiveCfg = Release|Any CPU
		{2494611F-74C3-4921-BB46-0AABA8D15436}.Release|x64.Build.0 = Release|Any CPU
		{2494611F-74C3-4921-BB46-0AABA8D15436}.Release|x86.ActiveCfg = Release|Any CPU
		{2494611F-74C3-4921-BB46-0AABA8D15436}.Release|x86.Build.0 = Release|Any CPU
		{9EF0452E-D5A6-46B9-9DF2-A9879C0D705F}.Debug|Any CPU.ActiveCfg = Debug|Any CPU
		{9EF0452E-D5A6-46B9-9DF2-A9879C0D705F}.Debug|Any CPU.Build.0 = Debug|Any CPU
		{9EF0452E-D5A6-46B9-9DF2-A9879C0D705F}.Debug|x64.ActiveCfg = Debug|Any CPU
		{9EF0452E-D5A6-46B9-9DF2-A9879C0D705F}.Debug|x64.Build.0 = Debug|Any CPU
		{9EF0452E-D5A6-46B9-9DF2-A9879C0D705F}.Debug|x86.ActiveCfg = Debug|Any CPU
		{9EF0452E-D5A6-46B9-9DF2-A9879C0D705F}.Debug|x86.Build.0 = Debug|Any CPU
		{9EF0452E-D5A6-46B9-9DF2-A9879C0D705F}.Release|Any CPU.ActiveCfg = Release|Any CPU
		{9EF0452E-D5A6-46B9-9DF2-A9879C0D705F}.Release|Any CPU.Build.0 = Release|Any CPU
		{9EF0452E-D5A6-46B9-9DF2-A9879C0D705F}.Release|x64.ActiveCfg = Release|Any CPU
		{9EF0452E-D5A6-46B9-9DF2-A9879C0D705F}.Release|x64.Build.0 = Release|Any CPU
		{9EF0452E-D5A6-46B9-9DF2-A9879C0D705F}.Release|x86.ActiveCfg = Release|Any CPU
		{9EF0452E-D5A6-46B9-9DF2-A9879C0D705F}.Release|x86.Build.0 = Release|Any CPU
	EndGlobalSection
	GlobalSection(SolutionProperties) = preSolution
		HideSolutionNode = FALSE
	EndGlobalSection
EndGlobal
